// !$*UTF8*$!
{
	archiveVersion = 1;
	classes = {
	};
	objectVersion = 46;
	objects = {

/* Begin PBXBuildFile section */
		031CA34820DBDC0400F4B44B /* SwiftAtomics.framework in Frameworks */ = {isa = PBXBuildFile; fileRef = 031CA33E20DBDC0400F4B44B /* SwiftAtomics.framework */; };
		031CA36620DBDCAE00F4B44B /* CAtomics.framework in Frameworks */ = {isa = PBXBuildFile; fileRef = 031CA35D20DBDCAD00F4B44B /* CAtomics.framework */; };
		031CA37720DBDD0E00F4B44B /* CAtomics.c in Sources */ = {isa = PBXBuildFile; fileRef = 031CA37520DBDD0E00F4B44B /* CAtomics.c */; };
		031CA37F20DBE01500F4B44B /* CAtomics.h in Headers */ = {isa = PBXBuildFile; fileRef = 031CA37420DBDD0E00F4B44B /* CAtomics.h */; settings = {ATTRIBUTES = (Public, ); }; };
		031CA39520DBE58A00F4B44B /* CAtomicsRaceTests.swift in Sources */ = {isa = PBXBuildFile; fileRef = 031CA39020DBE58A00F4B44B /* CAtomicsRaceTests.swift */; };
		031CA39620DBE58A00F4B44B /* CAtomicsTests.swift in Sources */ = {isa = PBXBuildFile; fileRef = 031CA39120DBE58A00F4B44B /* CAtomicsTests.swift */; };
		031CA39720DBE58A00F4B44B /* MemoryOrderTests.swift in Sources */ = {isa = PBXBuildFile; fileRef = 031CA39220DBE58A00F4B44B /* MemoryOrderTests.swift */; };
		031CA3A320DC3FF600F4B44B /* atomics-fence.swift in Sources */ = {isa = PBXBuildFile; fileRef = 031CA39D20DC3FF500F4B44B /* atomics-fence.swift */; };
		031CA3A620DC3FF600F4B44B /* atomics-pointer.swift in Sources */ = {isa = PBXBuildFile; fileRef = 031CA3A020DC3FF600F4B44B /* atomics-pointer.swift */; };
		031CA3A720DC3FF600F4B44B /* atomics-reference.swift in Sources */ = {isa = PBXBuildFile; fileRef = 031CA3A120DC3FF600F4B44B /* atomics-reference.swift */; };
		031CA3A820DC3FF600F4B44B /* atomics-integer.swift in Sources */ = {isa = PBXBuildFile; fileRef = 031CA3A220DC3FF600F4B44B /* atomics-integer.swift */; };
		031CA3AC20DC401400F4B44B /* CAtomics.framework in Frameworks */ = {isa = PBXBuildFile; fileRef = 031CA35D20DBDCAD00F4B44B /* CAtomics.framework */; };
		031CA3B220DC404F00F4B44B /* AtomicsTests.swift in Sources */ = {isa = PBXBuildFile; fileRef = 031CA3AE20DC404F00F4B44B /* AtomicsTests.swift */; };
		031CA3B320DC404F00F4B44B /* AtomicsRaceTests.swift in Sources */ = {isa = PBXBuildFile; fileRef = 031CA3AF20DC404F00F4B44B /* AtomicsRaceTests.swift */; };
		0382B62920DC4A2B00F4B44B /* AppDelegate.swift in Sources */ = {isa = PBXBuildFile; fileRef = 0382B62820DC4A2B00F4B44B /* AppDelegate.swift */; };
		0382B62B20DC4A2B00F4B44B /* ViewController.swift in Sources */ = {isa = PBXBuildFile; fileRef = 0382B62A20DC4A2B00F4B44B /* ViewController.swift */; };
		0382B62E20DC4A2B00F4B44B /* Main.storyboard in Resources */ = {isa = PBXBuildFile; fileRef = 0382B62C20DC4A2B00F4B44B /* Main.storyboard */; };
		0382B63020DC4A2D00F4B44B /* Assets.xcassets in Resources */ = {isa = PBXBuildFile; fileRef = 0382B62F20DC4A2D00F4B44B /* Assets.xcassets */; };
		0382B63320DC4A2D00F4B44B /* LaunchScreen.storyboard in Resources */ = {isa = PBXBuildFile; fileRef = 0382B63120DC4A2D00F4B44B /* LaunchScreen.storyboard */; };
		0382B65120DC51FE00F4B44B /* AtomicsTests.swift in Sources */ = {isa = PBXBuildFile; fileRef = 031CA3AE20DC404F00F4B44B /* AtomicsTests.swift */; };
		0382B65220DC51FE00F4B44B /* AtomicsRaceTests.swift in Sources */ = {isa = PBXBuildFile; fileRef = 031CA3AF20DC404F00F4B44B /* AtomicsRaceTests.swift */; };
		0382B65320DC51FE00F4B44B /* CAtomicsTests.swift in Sources */ = {isa = PBXBuildFile; fileRef = 031CA39120DBE58A00F4B44B /* CAtomicsTests.swift */; };
		0382B65420DC51FE00F4B44B /* CAtomicsRaceTests.swift in Sources */ = {isa = PBXBuildFile; fileRef = 031CA39020DBE58A00F4B44B /* CAtomicsRaceTests.swift */; };
		0382B65520DC51FE00F4B44B /* MemoryOrderTests.swift in Sources */ = {isa = PBXBuildFile; fileRef = 031CA39220DBE58A00F4B44B /* MemoryOrderTests.swift */; };
		0382B65720DC52CF00F4B44B /* SwiftAtomics.framework in Embed Frameworks */ = {isa = PBXBuildFile; fileRef = 031CA33E20DBDC0400F4B44B /* SwiftAtomics.framework */; settings = {ATTRIBUTES = (CodeSignOnCopy, RemoveHeadersOnCopy, ); }; };
		0382B65920DC52CF00F4B44B /* CAtomics.framework in Embed Frameworks */ = {isa = PBXBuildFile; fileRef = 031CA35D20DBDCAD00F4B44B /* CAtomics.framework */; settings = {ATTRIBUTES = (CodeSignOnCopy, RemoveHeadersOnCopy, ); }; };
		038CB66120DC75A400F4B44B /* RandomPositive.swift in Sources */ = {isa = PBXBuildFile; fileRef = 038CB66020DC75A400F4B44B /* RandomPositive.swift */; };
		038CB66520DCB0C700F4B44B /* RandomPositive.swift in Sources */ = {isa = PBXBuildFile; fileRef = 038CB66420DCB0C700F4B44B /* RandomPositive.swift */; };
		038CB66620DCB15400F4B44B /* RandomPositive.swift in Sources */ = {isa = PBXBuildFile; fileRef = 038CB66020DC75A400F4B44B /* RandomPositive.swift */; };
		038F0035216D010800F4B44B /* ReferenceTests.swift in Sources */ = {isa = PBXBuildFile; fileRef = 038F0034216D010800F4B44B /* ReferenceTests.swift */; };
		03B53E6C218A600700F4B44B /* CAtomicsReferenceTests.swift in Sources */ = {isa = PBXBuildFile; fileRef = 03DD246E216EA05800F4B44B /* CAtomicsReferenceTests.swift */; };
		03B53E6D218A601000F4B44B /* ReferenceTests.swift in Sources */ = {isa = PBXBuildFile; fileRef = 038F0034216D010800F4B44B /* ReferenceTests.swift */; };
		03DD246F216EA05800F4B44B /* CAtomicsReferenceTests.swift in Sources */ = {isa = PBXBuildFile; fileRef = 03DD246E216EA05800F4B44B /* CAtomicsReferenceTests.swift */; };
/* End PBXBuildFile section */

/* Begin PBXContainerItemProxy section */
		031CA34920DBDC0400F4B44B /* PBXContainerItemProxy */ = {
			isa = PBXContainerItemProxy;
			containerPortal = 031CA33520DBDC0400F4B44B /* Project object */;
			proxyType = 1;
			remoteGlobalIDString = 031CA33D20DBDC0400F4B44B;
			remoteInfo = Atomics;
		};
		031CA36720DBDCAE00F4B44B /* PBXContainerItemProxy */ = {
			isa = PBXContainerItemProxy;
			containerPortal = 031CA33520DBDC0400F4B44B /* Project object */;
			proxyType = 1;
			remoteGlobalIDString = 031CA35C20DBDCAD00F4B44B;
			remoteInfo = CAtomics;
		};
		031CA3A920DC400900F4B44B /* PBXContainerItemProxy */ = {
			isa = PBXContainerItemProxy;
			containerPortal = 031CA33520DBDC0400F4B44B /* Project object */;
			proxyType = 1;
			remoteGlobalIDString = 031CA35C20DBDCAD00F4B44B;
			remoteInfo = CAtomics;
		};
		0382B63A20DC4A2D00F4B44B /* PBXContainerItemProxy */ = {
			isa = PBXContainerItemProxy;
			containerPortal = 031CA33520DBDC0400F4B44B /* Project object */;
			proxyType = 1;
			remoteGlobalIDString = 0382B62520DC4A2B00F4B44B;
			remoteInfo = AtomicsTestApp;
		};
		0382B64620DC4E5100F4B44B /* PBXContainerItemProxy */ = {
			isa = PBXContainerItemProxy;
			containerPortal = 031CA33520DBDC0400F4B44B /* Project object */;
			proxyType = 1;
			remoteGlobalIDString = 031CA33D20DBDC0400F4B44B;
			remoteInfo = Atomics;
		};
		0382B64820DC4E5100F4B44B /* PBXContainerItemProxy */ = {
			isa = PBXContainerItemProxy;
			containerPortal = 031CA33520DBDC0400F4B44B /* Project object */;
			proxyType = 1;
			remoteGlobalIDString = 031CA35C20DBDCAD00F4B44B;
			remoteInfo = CAtomics;
		};
		038CB66220DC7B4F00F4B44B /* PBXContainerItemProxy */ = {
			isa = PBXContainerItemProxy;
			containerPortal = 031CA33520DBDC0400F4B44B /* Project object */;
			proxyType = 1;
			remoteGlobalIDString = 031CA36420DBDCAE00F4B44B;
			remoteInfo = CAtomicsTests;
		};
/* End PBXContainerItemProxy section */

/* Begin PBXCopyFilesBuildPhase section */
		0382B65A20DC52CF00F4B44B /* Embed Frameworks */ = {
			isa = PBXCopyFilesBuildPhase;
			buildActionMask = 2147483647;
			dstPath = "";
			dstSubfolderSpec = 10;
			files = (
				0382B65720DC52CF00F4B44B /* SwiftAtomics.framework in Embed Frameworks */,
				0382B65920DC52CF00F4B44B /* CAtomics.framework in Embed Frameworks */,
			);
			name = "Embed Frameworks";
			runOnlyForDeploymentPostprocessing = 0;
		};
/* End PBXCopyFilesBuildPhase section */

/* Begin PBXFileReference section */
		031CA33E20DBDC0400F4B44B /* SwiftAtomics.framework */ = {isa = PBXFileReference; explicitFileType = wrapper.framework; includeInIndex = 0; path = SwiftAtomics.framework; sourceTree = BUILT_PRODUCTS_DIR; };
		031CA34220DBDC0400F4B44B /* Info.plist */ = {isa = PBXFileReference; lastKnownFileType = text.plist.xml; name = Info.plist; path = SwiftAtomics/Info.plist; sourceTree = SOURCE_ROOT; };
		031CA34720DBDC0400F4B44B /* SwiftAtomicsTests.xctest */ = {isa = PBXFileReference; explicitFileType = wrapper.cfbundle; includeInIndex = 0; path = SwiftAtomicsTests.xctest; sourceTree = BUILT_PRODUCTS_DIR; };
		031CA34E20DBDC0400F4B44B /* Info.plist */ = {isa = PBXFileReference; lastKnownFileType = text.plist.xml; path = Info.plist; sourceTree = "<group>"; };
		031CA35D20DBDCAD00F4B44B /* CAtomics.framework */ = {isa = PBXFileReference; explicitFileType = wrapper.framework; includeInIndex = 0; path = CAtomics.framework; sourceTree = BUILT_PRODUCTS_DIR; };
		031CA36020DBDCAD00F4B44B /* Info.plist */ = {isa = PBXFileReference; lastKnownFileType = text.plist.xml; path = Info.plist; sourceTree = "<group>"; };
		031CA36520DBDCAE00F4B44B /* CAtomicsTests.xctest */ = {isa = PBXFileReference; explicitFileType = wrapper.cfbundle; includeInIndex = 0; path = CAtomicsTests.xctest; sourceTree = BUILT_PRODUCTS_DIR; };
		031CA36C20DBDCAE00F4B44B /* Info.plist */ = {isa = PBXFileReference; lastKnownFileType = text.plist.xml; path = Info.plist; sourceTree = "<group>"; };
		031CA37420DBDD0E00F4B44B /* CAtomics.h */ = {isa = PBXFileReference; fileEncoding = 4; lastKnownFileType = sourcecode.c.h; name = CAtomics.h; path = ../../Sources/CAtomics/include/CAtomics.h; sourceTree = "<group>"; };
		031CA37520DBDD0E00F4B44B /* CAtomics.c */ = {isa = PBXFileReference; fileEncoding = 4; lastKnownFileType = sourcecode.c.c; name = CAtomics.c; path = ../../Sources/CAtomics/CAtomics.c; sourceTree = "<group>"; };
		031CA38E20DBE58A00F4B44B /* XCTestManifests.swift */ = {isa = PBXFileReference; fileEncoding = 4; lastKnownFileType = sourcecode.swift; name = XCTestManifests.swift; path = ../../Tests/CAtomicsTests/XCTestManifests.swift; sourceTree = "<group>"; };
		031CA38F20DBE58A00F4B44B /* CAtomicsTests.swift.gyb */ = {isa = PBXFileReference; fileEncoding = 4; lastKnownFileType = text; name = CAtomicsTests.swift.gyb; path = ../../Tests/CAtomicsTests/CAtomicsTests.swift.gyb; sourceTree = "<group>"; };
		031CA39020DBE58A00F4B44B /* CAtomicsRaceTests.swift */ = {isa = PBXFileReference; fileEncoding = 4; lastKnownFileType = sourcecode.swift; name = CAtomicsRaceTests.swift; path = ../../Tests/CAtomicsTests/CAtomicsRaceTests.swift; sourceTree = "<group>"; };
		031CA39120DBE58A00F4B44B /* CAtomicsTests.swift */ = {isa = PBXFileReference; fileEncoding = 4; lastKnownFileType = sourcecode.swift; name = CAtomicsTests.swift; path = ../../Tests/CAtomicsTests/CAtomicsTests.swift; sourceTree = "<group>"; };
		031CA39220DBE58A00F4B44B /* MemoryOrderTests.swift */ = {isa = PBXFileReference; fileEncoding = 4; lastKnownFileType = sourcecode.swift; name = MemoryOrderTests.swift; path = ../../Tests/CAtomicsTests/MemoryOrderTests.swift; sourceTree = "<group>"; };
		031CA39D20DC3FF500F4B44B /* atomics-fence.swift */ = {isa = PBXFileReference; fileEncoding = 4; lastKnownFileType = sourcecode.swift; name = "atomics-fence.swift"; path = "../Sources/SwiftAtomics/atomics-fence.swift"; sourceTree = SOURCE_ROOT; };
		031CA39E20DC3FF500F4B44B /* atomics-integer.swift.gyb */ = {isa = PBXFileReference; fileEncoding = 4; lastKnownFileType = text; name = "atomics-integer.swift.gyb"; path = "../Sources/SwiftAtomics/atomics-integer.swift.gyb"; sourceTree = SOURCE_ROOT; };
		031CA39F20DC3FF600F4B44B /* atomics-pointer.swift.gyb */ = {isa = PBXFileReference; fileEncoding = 4; lastKnownFileType = text; name = "atomics-pointer.swift.gyb"; path = "../Sources/SwiftAtomics/atomics-pointer.swift.gyb"; sourceTree = SOURCE_ROOT; };
		031CA3A020DC3FF600F4B44B /* atomics-pointer.swift */ = {isa = PBXFileReference; fileEncoding = 4; lastKnownFileType = sourcecode.swift; name = "atomics-pointer.swift"; path = "../Sources/SwiftAtomics/atomics-pointer.swift"; sourceTree = SOURCE_ROOT; };
		031CA3A120DC3FF600F4B44B /* atomics-reference.swift */ = {isa = PBXFileReference; fileEncoding = 4; lastKnownFileType = sourcecode.swift; name = "atomics-reference.swift"; path = "../Sources/SwiftAtomics/atomics-reference.swift"; sourceTree = SOURCE_ROOT; };
		031CA3A220DC3FF600F4B44B /* atomics-integer.swift */ = {isa = PBXFileReference; fileEncoding = 4; lastKnownFileType = sourcecode.swift; name = "atomics-integer.swift"; path = "../Sources/SwiftAtomics/atomics-integer.swift"; sourceTree = SOURCE_ROOT; };
		031CA3AD20DC404F00F4B44B /* AtomicsTests.swift.gyb */ = {isa = PBXFileReference; fileEncoding = 4; lastKnownFileType = text; name = AtomicsTests.swift.gyb; path = ../Tests/SwiftAtomicsTests/AtomicsTests.swift.gyb; sourceTree = SOURCE_ROOT; };
		031CA3AE20DC404F00F4B44B /* AtomicsTests.swift */ = {isa = PBXFileReference; fileEncoding = 4; lastKnownFileType = sourcecode.swift; name = AtomicsTests.swift; path = ../Tests/SwiftAtomicsTests/AtomicsTests.swift; sourceTree = SOURCE_ROOT; };
		031CA3AF20DC404F00F4B44B /* AtomicsRaceTests.swift */ = {isa = PBXFileReference; fileEncoding = 4; lastKnownFileType = sourcecode.swift; name = AtomicsRaceTests.swift; path = ../Tests/SwiftAtomicsTests/AtomicsRaceTests.swift; sourceTree = SOURCE_ROOT; };
		031CA3B020DC404F00F4B44B /* XCTestManifests.swift */ = {isa = PBXFileReference; fileEncoding = 4; lastKnownFileType = sourcecode.swift; name = XCTestManifests.swift; path = ../Tests/SwiftAtomicsTests/XCTestManifests.swift; sourceTree = SOURCE_ROOT; };
		031CA3BB20DC442300F4B44B /* Package.swift */ = {isa = PBXFileReference; lastKnownFileType = sourcecode.swift; name = Package.swift; path = ../Package.swift; sourceTree = "<group>"; };
		031CA3BC20DC445100F4B44B /* .travis.yml */ = {isa = PBXFileReference; lastKnownFileType = text; name = .travis.yml; path = ../.travis.yml; sourceTree = "<group>"; };
		03431C0B2256DBB600F4B44B /* README.md */ = {isa = PBXFileReference; lastKnownFileType = net.daringfireball.markdown; name = README.md; path = ../README.md; sourceTree = "<group>"; };
		03431C0C2256DBBE00F4B44B /* Package@swift-4.swift */ = {isa = PBXFileReference; lastKnownFileType = sourcecode.swift; name = "Package@swift-4.swift"; path = "../Package@swift-4.swift"; sourceTree = "<group>"; };
		0382B62620DC4A2B00F4B44B /* AtomicsTestApp.app */ = {isa = PBXFileReference; explicitFileType = wrapper.application; includeInIndex = 0; path = AtomicsTestApp.app; sourceTree = BUILT_PRODUCTS_DIR; };
		0382B62820DC4A2B00F4B44B /* AppDelegate.swift */ = {isa = PBXFileReference; lastKnownFileType = sourcecode.swift; path = AppDelegate.swift; sourceTree = "<group>"; };
		0382B62A20DC4A2B00F4B44B /* ViewController.swift */ = {isa = PBXFileReference; lastKnownFileType = sourcecode.swift; path = ViewController.swift; sourceTree = "<group>"; };
		0382B62D20DC4A2B00F4B44B /* Base */ = {isa = PBXFileReference; lastKnownFileType = file.storyboard; name = Base; path = Base.lproj/Main.storyboard; sourceTree = "<group>"; };
		0382B62F20DC4A2D00F4B44B /* Assets.xcassets */ = {isa = PBXFileReference; lastKnownFileType = folder.assetcatalog; path = Assets.xcassets; sourceTree = "<group>"; };
		0382B63220DC4A2D00F4B44B /* Base */ = {isa = PBXFileReference; lastKnownFileType = file.storyboard; name = Base; path = Base.lproj/LaunchScreen.storyboard; sourceTree = "<group>"; };
		0382B63420DC4A2D00F4B44B /* Info.plist */ = {isa = PBXFileReference; lastKnownFileType = text.plist.xml; path = Info.plist; sourceTree = "<group>"; };
		0382B63920DC4A2D00F4B44B /* AtomicsTestAppTests.xctest */ = {isa = PBXFileReference; explicitFileType = wrapper.cfbundle; includeInIndex = 0; path = AtomicsTestAppTests.xctest; sourceTree = BUILT_PRODUCTS_DIR; };
		0382B63F20DC4A2D00F4B44B /* Info.plist */ = {isa = PBXFileReference; lastKnownFileType = text.plist.xml; path = Info.plist; sourceTree = "<group>"; };
		038CB66020DC75A400F4B44B /* RandomPositive.swift */ = {isa = PBXFileReference; lastKnownFileType = sourcecode.swift; name = RandomPositive.swift; path = ../Tests/SwiftAtomicsTests/RandomPositive.swift; sourceTree = SOURCE_ROOT; };
		038CB66420DCB0C700F4B44B /* RandomPositive.swift */ = {isa = PBXFileReference; fileEncoding = 4; lastKnownFileType = sourcecode.swift; name = RandomPositive.swift; path = ../../Tests/CAtomicsTests/RandomPositive.swift; sourceTree = "<group>"; };
		038F0034216D010800F4B44B /* ReferenceTests.swift */ = {isa = PBXFileReference; lastKnownFileType = sourcecode.swift; name = ReferenceTests.swift; path = ../Tests/SwiftAtomicsTests/ReferenceTests.swift; sourceTree = SOURCE_ROOT; };
		0391B85221B9E06C00F4B44B /* install-swift.sh */ = {isa = PBXFileReference; lastKnownFileType = text.script.sh; name = "install-swift.sh"; path = "../Tests/install-swift.sh"; sourceTree = "<group>"; };
		0391B85321B9E06C00F4B44B /* test-script.sh */ = {isa = PBXFileReference; lastKnownFileType = text.script.sh; name = "test-script.sh"; path = "../Tests/test-script.sh"; sourceTree = "<group>"; };
		0391B85421B9E06C00F4B44B /* test-gyb.sh */ = {isa = PBXFileReference; lastKnownFileType = text.script.sh; name = "test-gyb.sh"; path = "../Tests/test-gyb.sh"; sourceTree = "<group>"; };
		0391B85521B9E09F00F4B44B /* generate.sh */ = {isa = PBXFileReference; lastKnownFileType = text.script.sh; name = generate.sh; path = ../Utilities/generate.sh; sourceTree = "<group>"; };
		0391B85621B9E09F00F4B44B /* generate-linuxmain.sh */ = {isa = PBXFileReference; lastKnownFileType = text.script.sh; name = "generate-linuxmain.sh"; path = "../Utilities/generate-linuxmain.sh"; sourceTree = "<group>"; };
		03DD246E216EA05800F4B44B /* CAtomicsReferenceTests.swift */ = {isa = PBXFileReference; lastKnownFileType = sourcecode.swift; name = CAtomicsReferenceTests.swift; path = ../../Tests/CAtomicsTests/CAtomicsReferenceTests.swift; sourceTree = "<group>"; };
/* End PBXFileReference section */

/* Begin PBXFrameworksBuildPhase section */
		031CA33A20DBDC0400F4B44B /* Frameworks */ = {
			isa = PBXFrameworksBuildPhase;
			buildActionMask = 2147483647;
			files = (
				031CA3AC20DC401400F4B44B /* CAtomics.framework in Frameworks */,
			);
			runOnlyForDeploymentPostprocessing = 0;
		};
		031CA34420DBDC0400F4B44B /* Frameworks */ = {
			isa = PBXFrameworksBuildPhase;
			buildActionMask = 2147483647;
			files = (
				031CA34820DBDC0400F4B44B /* SwiftAtomics.framework in Frameworks */,
			);
			runOnlyForDeploymentPostprocessing = 0;
		};
		031CA35920DBDCAD00F4B44B /* Frameworks */ = {
			isa = PBXFrameworksBuildPhase;
			buildActionMask = 2147483647;
			files = (
			);
			runOnlyForDeploymentPostprocessing = 0;
		};
		031CA36220DBDCAE00F4B44B /* Frameworks */ = {
			isa = PBXFrameworksBuildPhase;
			buildActionMask = 2147483647;
			files = (
				031CA36620DBDCAE00F4B44B /* CAtomics.framework in Frameworks */,
			);
			runOnlyForDeploymentPostprocessing = 0;
		};
		0382B62320DC4A2B00F4B44B /* Frameworks */ = {
			isa = PBXFrameworksBuildPhase;
			buildActionMask = 2147483647;
			files = (
			);
			runOnlyForDeploymentPostprocessing = 0;
		};
		0382B63620DC4A2D00F4B44B /* Frameworks */ = {
			isa = PBXFrameworksBuildPhase;
			buildActionMask = 2147483647;
			files = (
			);
			runOnlyForDeploymentPostprocessing = 0;
		};
/* End PBXFrameworksBuildPhase section */

/* Begin PBXGroup section */
		031CA33420DBDC0400F4B44B = {
			isa = PBXGroup;
			children = (
				031CA3BB20DC442300F4B44B /* Package.swift */,
				03431C0C2256DBBE00F4B44B /* Package@swift-4.swift */,
				031CA3BC20DC445100F4B44B /* .travis.yml */,
				03431C0B2256DBB600F4B44B /* README.md */,
				0391B85121B9E05300F4B44B /* Scripts */,
				031CA34020DBDC0400F4B44B /* SwiftAtomics */,
				031CA34B20DBDC0400F4B44B /* SwiftAtomicsTests */,
				031CA35E20DBDCAD00F4B44B /* CAtomics */,
				031CA36920DBDCAE00F4B44B /* CAtomicsTests */,
				0382B62720DC4A2B00F4B44B /* AtomicsTestApp */,
				0382B63C20DC4A2D00F4B44B /* AtomicsTestAppTests */,
				031CA33F20DBDC0400F4B44B /* Products */,
				031CA3AB20DC401400F4B44B /* Frameworks */,
			);
			sourceTree = "<group>";
		};
		031CA33F20DBDC0400F4B44B /* Products */ = {
			isa = PBXGroup;
			children = (
				031CA33E20DBDC0400F4B44B /* SwiftAtomics.framework */,
				031CA34720DBDC0400F4B44B /* SwiftAtomicsTests.xctest */,
				031CA35D20DBDCAD00F4B44B /* CAtomics.framework */,
				031CA36520DBDCAE00F4B44B /* CAtomicsTests.xctest */,
				0382B62620DC4A2B00F4B44B /* AtomicsTestApp.app */,
				0382B63920DC4A2D00F4B44B /* AtomicsTestAppTests.xctest */,
			);
			name = Products;
			sourceTree = "<group>";
		};
		031CA34020DBDC0400F4B44B /* SwiftAtomics */ = {
			isa = PBXGroup;
			children = (
				031CA39E20DC3FF500F4B44B /* atomics-integer.swift.gyb */,
				031CA3A220DC3FF600F4B44B /* atomics-integer.swift */,
				031CA39F20DC3FF600F4B44B /* atomics-pointer.swift.gyb */,
				031CA3A020DC3FF600F4B44B /* atomics-pointer.swift */,
				031CA3A120DC3FF600F4B44B /* atomics-reference.swift */,
				031CA39D20DC3FF500F4B44B /* atomics-fence.swift */,
				031CA34220DBDC0400F4B44B /* Info.plist */,
			);
			path = SwiftAtomics;
			sourceTree = "<group>";
		};
		031CA34B20DBDC0400F4B44B /* SwiftAtomicsTests */ = {
			isa = PBXGroup;
			children = (
				031CA3AD20DC404F00F4B44B /* AtomicsTests.swift.gyb */,
				031CA3AE20DC404F00F4B44B /* AtomicsTests.swift */,
				031CA3AF20DC404F00F4B44B /* AtomicsRaceTests.swift */,
				038F0034216D010800F4B44B /* ReferenceTests.swift */,
				038CB66020DC75A400F4B44B /* RandomPositive.swift */,
				031CA3B020DC404F00F4B44B /* XCTestManifests.swift */,
				031CA34E20DBDC0400F4B44B /* Info.plist */,
			);
			path = SwiftAtomicsTests;
			sourceTree = "<group>";
		};
		031CA35E20DBDCAD00F4B44B /* CAtomics */ = {
			isa = PBXGroup;
			children = (
				031CA37520DBDD0E00F4B44B /* CAtomics.c */,
				031CA37420DBDD0E00F4B44B /* CAtomics.h */,
				031CA36020DBDCAD00F4B44B /* Info.plist */,
			);
			path = CAtomics;
			sourceTree = "<group>";
		};
		031CA36920DBDCAE00F4B44B /* CAtomicsTests */ = {
			isa = PBXGroup;
			children = (
				031CA38F20DBE58A00F4B44B /* CAtomicsTests.swift.gyb */,
				031CA39120DBE58A00F4B44B /* CAtomicsTests.swift */,
				031CA39020DBE58A00F4B44B /* CAtomicsRaceTests.swift */,
				03DD246E216EA05800F4B44B /* CAtomicsReferenceTests.swift */,
				031CA39220DBE58A00F4B44B /* MemoryOrderTests.swift */,
				038CB66420DCB0C700F4B44B /* RandomPositive.swift */,
				031CA38E20DBE58A00F4B44B /* XCTestManifests.swift */,
				031CA36C20DBDCAE00F4B44B /* Info.plist */,
			);
			path = CAtomicsTests;
			sourceTree = "<group>";
		};
		031CA3AB20DC401400F4B44B /* Frameworks */ = {
			isa = PBXGroup;
			children = (
			);
			name = Frameworks;
			sourceTree = "<group>";
		};
		0382B62720DC4A2B00F4B44B /* AtomicsTestApp */ = {
			isa = PBXGroup;
			children = (
				0382B62820DC4A2B00F4B44B /* AppDelegate.swift */,
				0382B62A20DC4A2B00F4B44B /* ViewController.swift */,
				0382B62C20DC4A2B00F4B44B /* Main.storyboard */,
				0382B62F20DC4A2D00F4B44B /* Assets.xcassets */,
				0382B63120DC4A2D00F4B44B /* LaunchScreen.storyboard */,
				0382B63420DC4A2D00F4B44B /* Info.plist */,
			);
			path = AtomicsTestApp;
			sourceTree = "<group>";
		};
		0382B63C20DC4A2D00F4B44B /* AtomicsTestAppTests */ = {
			isa = PBXGroup;
			children = (
				0382B63F20DC4A2D00F4B44B /* Info.plist */,
			);
			path = AtomicsTestAppTests;
			sourceTree = "<group>";
		};
		0391B85121B9E05300F4B44B /* Scripts */ = {
			isa = PBXGroup;
			children = (
				0391B85521B9E09F00F4B44B /* generate.sh */,
				0391B85621B9E09F00F4B44B /* generate-linuxmain.sh */,
				0391B85221B9E06C00F4B44B /* install-swift.sh */,
				0391B85421B9E06C00F4B44B /* test-gyb.sh */,
				0391B85321B9E06C00F4B44B /* test-script.sh */,
			);
			name = Scripts;
			sourceTree = "<group>";
		};
/* End PBXGroup section */

/* Begin PBXHeadersBuildPhase section */
		031CA33B20DBDC0400F4B44B /* Headers */ = {
			isa = PBXHeadersBuildPhase;
			buildActionMask = 2147483647;
			files = (
			);
			runOnlyForDeploymentPostprocessing = 0;
		};
		031CA35A20DBDCAD00F4B44B /* Headers */ = {
			isa = PBXHeadersBuildPhase;
			buildActionMask = 2147483647;
			files = (
				031CA37F20DBE01500F4B44B /* CAtomics.h in Headers */,
			);
			runOnlyForDeploymentPostprocessing = 0;
		};
/* End PBXHeadersBuildPhase section */

/* Begin PBXNativeTarget section */
		031CA33D20DBDC0400F4B44B /* SwiftAtomics */ = {
			isa = PBXNativeTarget;
			buildConfigurationList = 031CA35220DBDC0400F4B44B /* Build configuration list for PBXNativeTarget "SwiftAtomics" */;
			buildPhases = (
				031CA39B20DC3F5F00F4B44B /* ShellScript */,
				031CA33920DBDC0400F4B44B /* Sources */,
				031CA33A20DBDC0400F4B44B /* Frameworks */,
				031CA33B20DBDC0400F4B44B /* Headers */,
				031CA33C20DBDC0400F4B44B /* Resources */,
			);
			buildRules = (
			);
			dependencies = (
				031CA3AA20DC400900F4B44B /* PBXTargetDependency */,
			);
			name = SwiftAtomics;
			productName = Atomics;
			productReference = 031CA33E20DBDC0400F4B44B /* SwiftAtomics.framework */;
			productType = "com.apple.product-type.framework";
		};
		031CA34620DBDC0400F4B44B /* SwiftAtomicsTests */ = {
			isa = PBXNativeTarget;
			buildConfigurationList = 031CA35520DBDC0400F4B44B /* Build configuration list for PBXNativeTarget "SwiftAtomicsTests" */;
			buildPhases = (
				031CA39C20DC3F7C00F4B44B /* ShellScript */,
				031CA34320DBDC0400F4B44B /* Sources */,
				031CA34420DBDC0400F4B44B /* Frameworks */,
				031CA34520DBDC0400F4B44B /* Resources */,
			);
			buildRules = (
			);
			dependencies = (
				031CA34A20DBDC0400F4B44B /* PBXTargetDependency */,
				038CB66320DC7B4F00F4B44B /* PBXTargetDependency */,
			);
			name = SwiftAtomicsTests;
			productName = AtomicsTests;
			productReference = 031CA34720DBDC0400F4B44B /* SwiftAtomicsTests.xctest */;
			productType = "com.apple.product-type.bundle.unit-test";
		};
		031CA35C20DBDCAD00F4B44B /* CAtomics */ = {
			isa = PBXNativeTarget;
			buildConfigurationList = 031CA36E20DBDCAE00F4B44B /* Build configuration list for PBXNativeTarget "CAtomics" */;
			buildPhases = (
				031CA35820DBDCAD00F4B44B /* Sources */,
				031CA35920DBDCAD00F4B44B /* Frameworks */,
				031CA35A20DBDCAD00F4B44B /* Headers */,
				031CA35B20DBDCAD00F4B44B /* Resources */,
			);
			buildRules = (
			);
			dependencies = (
			);
			name = CAtomics;
			productName = CAtomics;
			productReference = 031CA35D20DBDCAD00F4B44B /* CAtomics.framework */;
			productType = "com.apple.product-type.framework";
		};
		031CA36420DBDCAE00F4B44B /* CAtomicsTests */ = {
			isa = PBXNativeTarget;
			buildConfigurationList = 031CA37120DBDCAE00F4B44B /* Build configuration list for PBXNativeTarget "CAtomicsTests" */;
			buildPhases = (
				031CA39A20DC3E6400F4B44B /* ShellScript */,
				031CA36120DBDCAE00F4B44B /* Sources */,
				031CA36220DBDCAE00F4B44B /* Frameworks */,
				031CA36320DBDCAE00F4B44B /* Resources */,
			);
			buildRules = (
			);
			dependencies = (
				031CA36820DBDCAE00F4B44B /* PBXTargetDependency */,
			);
			name = CAtomicsTests;
			productName = CAtomicsTests;
			productReference = 031CA36520DBDCAE00F4B44B /* CAtomicsTests.xctest */;
			productType = "com.apple.product-type.bundle.unit-test";
		};
		0382B62520DC4A2B00F4B44B /* AtomicsTestApp */ = {
			isa = PBXNativeTarget;
			buildConfigurationList = 0382B64420DC4A2D00F4B44B /* Build configuration list for PBXNativeTarget "AtomicsTestApp" */;
			buildPhases = (
				0382B62220DC4A2B00F4B44B /* Sources */,
				0382B62320DC4A2B00F4B44B /* Frameworks */,
				0382B62420DC4A2B00F4B44B /* Resources */,
				0382B65A20DC52CF00F4B44B /* Embed Frameworks */,
			);
			buildRules = (
			);
			dependencies = (
				0382B64720DC4E5100F4B44B /* PBXTargetDependency */,
				0382B64920DC4E5100F4B44B /* PBXTargetDependency */,
			);
			name = AtomicsTestApp;
			productName = AtomicsTestApp;
			productReference = 0382B62620DC4A2B00F4B44B /* AtomicsTestApp.app */;
			productType = "com.apple.product-type.application";
		};
		0382B63820DC4A2D00F4B44B /* AtomicsTestAppTests */ = {
			isa = PBXNativeTarget;
			buildConfigurationList = 0382B64520DC4A2D00F4B44B /* Build configuration list for PBXNativeTarget "AtomicsTestAppTests" */;
			buildPhases = (
				0382B63520DC4A2D00F4B44B /* Sources */,
				0382B63620DC4A2D00F4B44B /* Frameworks */,
				0382B63720DC4A2D00F4B44B /* Resources */,
			);
			buildRules = (
			);
			dependencies = (
				0382B63B20DC4A2D00F4B44B /* PBXTargetDependency */,
			);
			name = AtomicsTestAppTests;
			productName = AtomicsTestAppTests;
			productReference = 0382B63920DC4A2D00F4B44B /* AtomicsTestAppTests.xctest */;
			productType = "com.apple.product-type.bundle.unit-test";
		};
/* End PBXNativeTarget section */

/* Begin PBXProject section */
		031CA33520DBDC0400F4B44B /* Project object */ = {
			isa = PBXProject;
			attributes = {
				LastSwiftUpdateCheck = 1000;
				LastUpgradeCheck = 1000;
				ORGANIZATIONNAME = "Guillaume Lessard";
				TargetAttributes = {
					031CA33D20DBDC0400F4B44B = {
						CreatedOnToolsVersion = 9.4.1;
						LastSwiftMigration = 0940;
					};
					031CA34620DBDC0400F4B44B = {
						CreatedOnToolsVersion = 9.4.1;
					};
					031CA35C20DBDCAD00F4B44B = {
						CreatedOnToolsVersion = 9.4.1;
						LastSwiftMigration = 0940;
					};
					031CA36420DBDCAE00F4B44B = {
						CreatedOnToolsVersion = 9.4.1;
						LastSwiftMigration = 0940;
					};
					0382B62520DC4A2B00F4B44B = {
						CreatedOnToolsVersion = 10.0;
					};
					0382B63820DC4A2D00F4B44B = {
						CreatedOnToolsVersion = 10.0;
						TestTargetID = 0382B62520DC4A2B00F4B44B;
					};
				};
			};
			buildConfigurationList = 031CA33820DBDC0400F4B44B /* Build configuration list for PBXProject "Atomics" */;
			compatibilityVersion = "Xcode 9.3";
			developmentRegion = en;
			hasScannedForEncodings = 0;
			knownRegions = (
				en,
				Base,
			);
			mainGroup = 031CA33420DBDC0400F4B44B;
			productRefGroup = 031CA33F20DBDC0400F4B44B /* Products */;
			projectDirPath = "";
			projectRoot = "";
			targets = (
				031CA33D20DBDC0400F4B44B /* SwiftAtomics */,
				031CA34620DBDC0400F4B44B /* SwiftAtomicsTests */,
				031CA35C20DBDCAD00F4B44B /* CAtomics */,
				031CA36420DBDCAE00F4B44B /* CAtomicsTests */,
				0382B62520DC4A2B00F4B44B /* AtomicsTestApp */,
				0382B63820DC4A2D00F4B44B /* AtomicsTestAppTests */,
			);
		};
/* End PBXProject section */

/* Begin PBXResourcesBuildPhase section */
		031CA33C20DBDC0400F4B44B /* Resources */ = {
			isa = PBXResourcesBuildPhase;
			buildActionMask = 2147483647;
			files = (
			);
			runOnlyForDeploymentPostprocessing = 0;
		};
		031CA34520DBDC0400F4B44B /* Resources */ = {
			isa = PBXResourcesBuildPhase;
			buildActionMask = 2147483647;
			files = (
			);
			runOnlyForDeploymentPostprocessing = 0;
		};
		031CA35B20DBDCAD00F4B44B /* Resources */ = {
			isa = PBXResourcesBuildPhase;
			buildActionMask = 2147483647;
			files = (
			);
			runOnlyForDeploymentPostprocessing = 0;
		};
		031CA36320DBDCAE00F4B44B /* Resources */ = {
			isa = PBXResourcesBuildPhase;
			buildActionMask = 2147483647;
			files = (
			);
			runOnlyForDeploymentPostprocessing = 0;
		};
		0382B62420DC4A2B00F4B44B /* Resources */ = {
			isa = PBXResourcesBuildPhase;
			buildActionMask = 2147483647;
			files = (
				0382B63320DC4A2D00F4B44B /* LaunchScreen.storyboard in Resources */,
				0382B63020DC4A2D00F4B44B /* Assets.xcassets in Resources */,
				0382B62E20DC4A2B00F4B44B /* Main.storyboard in Resources */,
			);
			runOnlyForDeploymentPostprocessing = 0;
		};
		0382B63720DC4A2D00F4B44B /* Resources */ = {
			isa = PBXResourcesBuildPhase;
			buildActionMask = 2147483647;
			files = (
			);
			runOnlyForDeploymentPostprocessing = 0;
		};
/* End PBXResourcesBuildPhase section */

/* Begin PBXShellScriptBuildPhase section */
		031CA39A20DC3E6400F4B44B /* ShellScript */ = {
			isa = PBXShellScriptBuildPhase;
			buildActionMask = 2147483647;
			files = (
			);
			inputPaths = (
			);
			outputPaths = (
			);
			runOnlyForDeploymentPostprocessing = 0;
			shellPath = /bin/sh;
			shellScript = "set -e\n/bin/bash ${PROJECT_DIR}/../Utilities/generate.sh\n/bin/bash ${PROJECT_DIR}/../Utilities/generate-linuxmain.sh\n";
			showEnvVarsInLog = 0;
		};
		031CA39B20DC3F5F00F4B44B /* ShellScript */ = {
			isa = PBXShellScriptBuildPhase;
			buildActionMask = 2147483647;
			files = (
			);
			inputPaths = (
			);
			outputPaths = (
			);
			runOnlyForDeploymentPostprocessing = 0;
			shellPath = /bin/sh;
			shellScript = "set -e\n/bin/bash ${PROJECT_DIR}/../Utilities/generate.sh\n";
			showEnvVarsInLog = 0;
		};
		031CA39C20DC3F7C00F4B44B /* ShellScript */ = {
			isa = PBXShellScriptBuildPhase;
			buildActionMask = 2147483647;
			files = (
			);
			inputPaths = (
			);
			outputPaths = (
			);
			runOnlyForDeploymentPostprocessing = 0;
			shellPath = /bin/sh;
			shellScript = "set -e\n/bin/bash ${PROJECT_DIR}/../Utilities/generate.sh\n/bin/bash ${PROJECT_DIR}/../Utilities/generate-linuxmain.sh\n";
			showEnvVarsInLog = 0;
		};
/* End PBXShellScriptBuildPhase section */

/* Begin PBXSourcesBuildPhase section */
		031CA33920DBDC0400F4B44B /* Sources */ = {
			isa = PBXSourcesBuildPhase;
			buildActionMask = 2147483647;
			files = (
				031CA3A620DC3FF600F4B44B /* atomics-pointer.swift in Sources */,
				031CA3A320DC3FF600F4B44B /* atomics-fence.swift in Sources */,
				031CA3A720DC3FF600F4B44B /* atomics-reference.swift in Sources */,
				031CA3A820DC3FF600F4B44B /* atomics-integer.swift in Sources */,
			);
			runOnlyForDeploymentPostprocessing = 0;
		};
		031CA34320DBDC0400F4B44B /* Sources */ = {
			isa = PBXSourcesBuildPhase;
			buildActionMask = 2147483647;
			files = (
				038CB66120DC75A400F4B44B /* RandomPositive.swift in Sources */,
				038F0035216D010800F4B44B /* ReferenceTests.swift in Sources */,
				031CA3B320DC404F00F4B44B /* AtomicsRaceTests.swift in Sources */,
				031CA3B220DC404F00F4B44B /* AtomicsTests.swift in Sources */,
			);
			runOnlyForDeploymentPostprocessing = 0;
		};
		031CA35820DBDCAD00F4B44B /* Sources */ = {
			isa = PBXSourcesBuildPhase;
			buildActionMask = 2147483647;
			files = (
				031CA37720DBDD0E00F4B44B /* CAtomics.c in Sources */,
			);
			runOnlyForDeploymentPostprocessing = 0;
		};
		031CA36120DBDCAE00F4B44B /* Sources */ = {
			isa = PBXSourcesBuildPhase;
			buildActionMask = 2147483647;
			files = (
				031CA39720DBE58A00F4B44B /* MemoryOrderTests.swift in Sources */,
				031CA39520DBE58A00F4B44B /* CAtomicsRaceTests.swift in Sources */,
				031CA39620DBE58A00F4B44B /* CAtomicsTests.swift in Sources */,
				038CB66520DCB0C700F4B44B /* RandomPositive.swift in Sources */,
				03DD246F216EA05800F4B44B /* CAtomicsReferenceTests.swift in Sources */,
			);
			runOnlyForDeploymentPostprocessing = 0;
		};
		0382B62220DC4A2B00F4B44B /* Sources */ = {
			isa = PBXSourcesBuildPhase;
			buildActionMask = 2147483647;
			files = (
				0382B62B20DC4A2B00F4B44B /* ViewController.swift in Sources */,
				0382B62920DC4A2B00F4B44B /* AppDelegate.swift in Sources */,
			);
			runOnlyForDeploymentPostprocessing = 0;
		};
		0382B63520DC4A2D00F4B44B /* Sources */ = {
			isa = PBXSourcesBuildPhase;
			buildActionMask = 2147483647;
			files = (
				0382B65320DC51FE00F4B44B /* CAtomicsTests.swift in Sources */,
				03B53E6D218A601000F4B44B /* ReferenceTests.swift in Sources */,
				0382B65520DC51FE00F4B44B /* MemoryOrderTests.swift in Sources */,
				0382B65220DC51FE00F4B44B /* AtomicsRaceTests.swift in Sources */,
				038CB66620DCB15400F4B44B /* RandomPositive.swift in Sources */,
				03B53E6C218A600700F4B44B /* CAtomicsReferenceTests.swift in Sources */,
				0382B65420DC51FE00F4B44B /* CAtomicsRaceTests.swift in Sources */,
				0382B65120DC51FE00F4B44B /* AtomicsTests.swift in Sources */,
			);
			runOnlyForDeploymentPostprocessing = 0;
		};
/* End PBXSourcesBuildPhase section */

/* Begin PBXTargetDependency section */
		031CA34A20DBDC0400F4B44B /* PBXTargetDependency */ = {
			isa = PBXTargetDependency;
			target = 031CA33D20DBDC0400F4B44B /* SwiftAtomics */;
			targetProxy = 031CA34920DBDC0400F4B44B /* PBXContainerItemProxy */;
		};
		031CA36820DBDCAE00F4B44B /* PBXTargetDependency */ = {
			isa = PBXTargetDependency;
			target = 031CA35C20DBDCAD00F4B44B /* CAtomics */;
			targetProxy = 031CA36720DBDCAE00F4B44B /* PBXContainerItemProxy */;
		};
		031CA3AA20DC400900F4B44B /* PBXTargetDependency */ = {
			isa = PBXTargetDependency;
			target = 031CA35C20DBDCAD00F4B44B /* CAtomics */;
			targetProxy = 031CA3A920DC400900F4B44B /* PBXContainerItemProxy */;
		};
		0382B63B20DC4A2D00F4B44B /* PBXTargetDependency */ = {
			isa = PBXTargetDependency;
			target = 0382B62520DC4A2B00F4B44B /* AtomicsTestApp */;
			targetProxy = 0382B63A20DC4A2D00F4B44B /* PBXContainerItemProxy */;
		};
		0382B64720DC4E5100F4B44B /* PBXTargetDependency */ = {
			isa = PBXTargetDependency;
			target = 031CA33D20DBDC0400F4B44B /* SwiftAtomics */;
			targetProxy = 0382B64620DC4E5100F4B44B /* PBXContainerItemProxy */;
		};
		0382B64920DC4E5100F4B44B /* PBXTargetDependency */ = {
			isa = PBXTargetDependency;
			target = 031CA35C20DBDCAD00F4B44B /* CAtomics */;
			targetProxy = 0382B64820DC4E5100F4B44B /* PBXContainerItemProxy */;
		};
		038CB66320DC7B4F00F4B44B /* PBXTargetDependency */ = {
			isa = PBXTargetDependency;
			target = 031CA36420DBDCAE00F4B44B /* CAtomicsTests */;
			targetProxy = 038CB66220DC7B4F00F4B44B /* PBXContainerItemProxy */;
		};
/* End PBXTargetDependency section */

/* Begin PBXVariantGroup section */
		0382B62C20DC4A2B00F4B44B /* Main.storyboard */ = {
			isa = PBXVariantGroup;
			children = (
				0382B62D20DC4A2B00F4B44B /* Base */,
			);
			name = Main.storyboard;
			sourceTree = "<group>";
		};
		0382B63120DC4A2D00F4B44B /* LaunchScreen.storyboard */ = {
			isa = PBXVariantGroup;
			children = (
				0382B63220DC4A2D00F4B44B /* Base */,
			);
			name = LaunchScreen.storyboard;
			sourceTree = "<group>";
		};
/* End PBXVariantGroup section */

/* Begin XCBuildConfiguration section */
		031CA35020DBDC0400F4B44B /* Debug */ = {
			isa = XCBuildConfiguration;
			buildSettings = {
				ALWAYS_SEARCH_USER_PATHS = NO;
				CLANG_ANALYZER_NONNULL = YES;
				CLANG_ANALYZER_NUMBER_OBJECT_CONVERSION = YES_AGGRESSIVE;
				CLANG_CXX_LANGUAGE_STANDARD = "gnu++14";
				CLANG_CXX_LIBRARY = "libc++";
				CLANG_ENABLE_MODULES = YES;
				CLANG_ENABLE_OBJC_ARC = YES;
				CLANG_ENABLE_OBJC_WEAK = YES;
				CLANG_WARN_BLOCK_CAPTURE_AUTORELEASING = YES;
				CLANG_WARN_BOOL_CONVERSION = YES;
				CLANG_WARN_COMMA = YES;
				CLANG_WARN_CONSTANT_CONVERSION = YES;
				CLANG_WARN_DEPRECATED_OBJC_IMPLEMENTATIONS = YES;
				CLANG_WARN_DIRECT_OBJC_ISA_USAGE = YES_ERROR;
				CLANG_WARN_DOCUMENTATION_COMMENTS = YES;
				CLANG_WARN_EMPTY_BODY = YES;
				CLANG_WARN_ENUM_CONVERSION = YES;
				CLANG_WARN_INFINITE_RECURSION = YES;
				CLANG_WARN_INT_CONVERSION = YES;
				CLANG_WARN_NON_LITERAL_NULL_CONVERSION = YES;
				CLANG_WARN_OBJC_IMPLICIT_RETAIN_SELF = YES;
				CLANG_WARN_OBJC_LITERAL_CONVERSION = YES;
				CLANG_WARN_OBJC_ROOT_CLASS = YES_ERROR;
				CLANG_WARN_RANGE_LOOP_ANALYSIS = YES;
				CLANG_WARN_STRICT_PROTOTYPES = YES;
				CLANG_WARN_SUSPICIOUS_MOVE = YES;
				CLANG_WARN_UNGUARDED_AVAILABILITY = YES_AGGRESSIVE;
				CLANG_WARN_UNREACHABLE_CODE = YES;
				CLANG_WARN__DUPLICATE_METHOD_MATCH = YES;
				COPY_PHASE_STRIP = NO;
				CURRENT_PROJECT_VERSION = 1;
				DEBUG_INFORMATION_FORMAT = dwarf;
				ENABLE_STRICT_OBJC_MSGSEND = YES;
				ENABLE_TESTABILITY = YES;
				GCC_C_LANGUAGE_STANDARD = gnu11;
				GCC_DYNAMIC_NO_PIC = NO;
				GCC_NO_COMMON_BLOCKS = YES;
				GCC_OPTIMIZATION_LEVEL = 0;
				GCC_PREPROCESSOR_DEFINITIONS = (
					"DEBUG=1",
					"$(inherited)",
				);
				GCC_WARN_64_TO_32_BIT_CONVERSION = YES;
				GCC_WARN_ABOUT_RETURN_TYPE = YES_ERROR;
				GCC_WARN_UNDECLARED_SELECTOR = YES;
				GCC_WARN_UNINITIALIZED_AUTOS = YES_AGGRESSIVE;
				GCC_WARN_UNUSED_FUNCTION = YES;
				GCC_WARN_UNUSED_VARIABLE = YES;
				IPHONEOS_DEPLOYMENT_TARGET = 8.0;
				MACOSX_DEPLOYMENT_TARGET = 10.10;
				ONLY_ACTIVE_ARCH = YES;
				SWIFT_ACTIVE_COMPILATION_CONDITIONS = DEBUG;
				SWIFT_OPTIMIZATION_LEVEL = "-Onone";
				SWIFT_SWIFT3_OBJC_INFERENCE = Off;
				SWIFT_VERSION = 4.2;
				TVOS_DEPLOYMENT_TARGET = 9.0;
				VERSIONING_SYSTEM = "apple-generic";
				VERSION_INFO_PREFIX = "";
				WATCHOS_DEPLOYMENT_TARGET = 2.0;
			};
			name = Debug;
		};
		031CA35120DBDC0400F4B44B /* Release */ = {
			isa = XCBuildConfiguration;
			buildSettings = {
				ALWAYS_SEARCH_USER_PATHS = NO;
				CLANG_ANALYZER_NONNULL = YES;
				CLANG_ANALYZER_NUMBER_OBJECT_CONVERSION = YES_AGGRESSIVE;
				CLANG_CXX_LANGUAGE_STANDARD = "gnu++14";
				CLANG_CXX_LIBRARY = "libc++";
				CLANG_ENABLE_MODULES = YES;
				CLANG_ENABLE_OBJC_ARC = YES;
				CLANG_ENABLE_OBJC_WEAK = YES;
				CLANG_WARN_BLOCK_CAPTURE_AUTORELEASING = YES;
				CLANG_WARN_BOOL_CONVERSION = YES;
				CLANG_WARN_COMMA = YES;
				CLANG_WARN_CONSTANT_CONVERSION = YES;
				CLANG_WARN_DEPRECATED_OBJC_IMPLEMENTATIONS = YES;
				CLANG_WARN_DIRECT_OBJC_ISA_USAGE = YES_ERROR;
				CLANG_WARN_DOCUMENTATION_COMMENTS = YES;
				CLANG_WARN_EMPTY_BODY = YES;
				CLANG_WARN_ENUM_CONVERSION = YES;
				CLANG_WARN_INFINITE_RECURSION = YES;
				CLANG_WARN_INT_CONVERSION = YES;
				CLANG_WARN_NON_LITERAL_NULL_CONVERSION = YES;
				CLANG_WARN_OBJC_IMPLICIT_RETAIN_SELF = YES;
				CLANG_WARN_OBJC_LITERAL_CONVERSION = YES;
				CLANG_WARN_OBJC_ROOT_CLASS = YES_ERROR;
				CLANG_WARN_RANGE_LOOP_ANALYSIS = YES;
				CLANG_WARN_STRICT_PROTOTYPES = YES;
				CLANG_WARN_SUSPICIOUS_MOVE = YES;
				CLANG_WARN_UNGUARDED_AVAILABILITY = YES_AGGRESSIVE;
				CLANG_WARN_UNREACHABLE_CODE = YES;
				CLANG_WARN__DUPLICATE_METHOD_MATCH = YES;
				COPY_PHASE_STRIP = NO;
				CURRENT_PROJECT_VERSION = 1;
				DEBUG_INFORMATION_FORMAT = "dwarf-with-dsym";
				ENABLE_NS_ASSERTIONS = NO;
				ENABLE_STRICT_OBJC_MSGSEND = YES;
				ENABLE_TESTABILITY = YES;
				GCC_C_LANGUAGE_STANDARD = gnu11;
				GCC_NO_COMMON_BLOCKS = YES;
				GCC_WARN_64_TO_32_BIT_CONVERSION = YES;
				GCC_WARN_ABOUT_RETURN_TYPE = YES_ERROR;
				GCC_WARN_UNDECLARED_SELECTOR = YES;
				GCC_WARN_UNINITIALIZED_AUTOS = YES_AGGRESSIVE;
				GCC_WARN_UNUSED_FUNCTION = YES;
				GCC_WARN_UNUSED_VARIABLE = YES;
				IPHONEOS_DEPLOYMENT_TARGET = 8.0;
				MACOSX_DEPLOYMENT_TARGET = 10.10;
				SWIFT_COMPILATION_MODE = wholemodule;
				SWIFT_OPTIMIZATION_LEVEL = "-O";
				SWIFT_SWIFT3_OBJC_INFERENCE = Off;
				SWIFT_VERSION = 4.2;
				TVOS_DEPLOYMENT_TARGET = 9.0;
				VERSIONING_SYSTEM = "apple-generic";
				VERSION_INFO_PREFIX = "";
				WATCHOS_DEPLOYMENT_TARGET = 2.0;
			};
			name = Release;
		};
		031CA35320DBDC0400F4B44B /* Debug */ = {
			isa = XCBuildConfiguration;
			buildSettings = {
				CLANG_ENABLE_MODULES = YES;
				CODE_SIGN_IDENTITY = "";
				CODE_SIGN_STYLE = Manual;
				DEFINES_MODULE = YES;
				DEVELOPMENT_TEAM = "";
				DYLIB_COMPATIBILITY_VERSION = 1;
				DYLIB_CURRENT_VERSION = 1;
				DYLIB_INSTALL_NAME_BASE = "@rpath";
				FRAMEWORK_VERSION = A;
				INFOPLIST_FILE = SwiftAtomics/Info.plist;
				INSTALL_PATH = "$(LOCAL_LIBRARY_DIR)/Frameworks";
				LD_RUNPATH_SEARCH_PATHS = (
					"$(inherited)",
					"@executable_path/../Frameworks",
					"@loader_path/Frameworks",
				);
				PRODUCT_BUNDLE_IDENTIFIER = com.tffenterprises.Atomics;
				PRODUCT_NAME = "$(TARGET_NAME:c99extidentifier)";
				PROVISIONING_PROFILE_SPECIFIER = "";
				SKIP_INSTALL = YES;
				SUPPORTED_PLATFORMS = "macosx iphoneos iphonesimulator appletvos appletvsimulator watchos watchsimulator";
				SWIFT_OPTIMIZATION_LEVEL = "-Onone";
				VALID_ARCHS = "i386 x86_64 arm64 armv7 armv7s";
			};
			name = Debug;
		};
		031CA35420DBDC0400F4B44B /* Release */ = {
			isa = XCBuildConfiguration;
			buildSettings = {
				CLANG_ENABLE_MODULES = YES;
				CODE_SIGN_IDENTITY = "";
				CODE_SIGN_STYLE = Manual;
				DEFINES_MODULE = YES;
				DEVELOPMENT_TEAM = "";
				DYLIB_COMPATIBILITY_VERSION = 1;
				DYLIB_CURRENT_VERSION = 1;
				DYLIB_INSTALL_NAME_BASE = "@rpath";
				FRAMEWORK_VERSION = A;
				INFOPLIST_FILE = SwiftAtomics/Info.plist;
				INSTALL_PATH = "$(LOCAL_LIBRARY_DIR)/Frameworks";
				LD_RUNPATH_SEARCH_PATHS = (
					"$(inherited)",
					"@executable_path/../Frameworks",
					"@loader_path/Frameworks",
				);
				PRODUCT_BUNDLE_IDENTIFIER = com.tffenterprises.Atomics;
				PRODUCT_NAME = "$(TARGET_NAME:c99extidentifier)";
				PROVISIONING_PROFILE_SPECIFIER = "";
				SKIP_INSTALL = YES;
				SUPPORTED_PLATFORMS = "macosx iphoneos iphonesimulator appletvos appletvsimulator watchos watchsimulator";
				VALID_ARCHS = "i386 x86_64 arm64 armv7 armv7s";
			};
			name = Release;
		};
		031CA35620DBDC0400F4B44B /* Debug */ = {
			isa = XCBuildConfiguration;
			buildSettings = {
				ALWAYS_EMBED_SWIFT_STANDARD_LIBRARIES = YES;
				INFOPLIST_FILE = SwiftAtomicsTests/Info.plist;
				LD_RUNPATH_SEARCH_PATHS = (
					"$(inherited)",
					"@executable_path/../Frameworks",
					"@loader_path/../Frameworks",
				);
				PRODUCT_BUNDLE_IDENTIFIER = com.tffenterprises.AtomicsTests;
				PRODUCT_NAME = "$(TARGET_NAME)";
				SUPPORTED_PLATFORMS = "macosx iphoneos iphonesimulator appletvos appletvsimulator watchos watchsimulator";
				VALID_ARCHS = "i386 x86_64 arm64 armv7 armv7s";
			};
			name = Debug;
		};
		031CA35720DBDC0400F4B44B /* Release */ = {
			isa = XCBuildConfiguration;
			buildSettings = {
				ALWAYS_EMBED_SWIFT_STANDARD_LIBRARIES = YES;
				INFOPLIST_FILE = SwiftAtomicsTests/Info.plist;
				LD_RUNPATH_SEARCH_PATHS = (
					"$(inherited)",
					"@executable_path/../Frameworks",
					"@loader_path/../Frameworks",
				);
				PRODUCT_BUNDLE_IDENTIFIER = com.tffenterprises.AtomicsTests;
				PRODUCT_NAME = "$(TARGET_NAME)";
				SUPPORTED_PLATFORMS = "macosx iphoneos iphonesimulator appletvos appletvsimulator watchos watchsimulator";
				VALID_ARCHS = "i386 x86_64 arm64 armv7 armv7s";
			};
			name = Release;
		};
		031CA36F20DBDCAE00F4B44B /* Debug */ = {
			isa = XCBuildConfiguration;
			buildSettings = {
				CLANG_ENABLE_MODULES = YES;
				CODE_SIGN_IDENTITY = "";
				CODE_SIGN_STYLE = Manual;
				DEFINES_MODULE = YES;
				DEVELOPMENT_TEAM = "";
				DYLIB_COMPATIBILITY_VERSION = 1;
				DYLIB_CURRENT_VERSION = 1;
				DYLIB_INSTALL_NAME_BASE = "@rpath";
				FRAMEWORK_VERSION = A;
				INFOPLIST_FILE = CAtomics/Info.plist;
				INSTALL_PATH = "$(LOCAL_LIBRARY_DIR)/Frameworks";
				LD_RUNPATH_SEARCH_PATHS = (
					"$(inherited)",
					"@executable_path/../Frameworks",
					"@loader_path/Frameworks",
				);
				PRODUCT_BUNDLE_IDENTIFIER = com.tffenterprises.CAtomics;
				PRODUCT_NAME = "$(TARGET_NAME:c99extidentifier)";
				PROVISIONING_PROFILE_SPECIFIER = "";
				SKIP_INSTALL = YES;
				SUPPORTED_PLATFORMS = "macosx iphoneos iphonesimulator appletvos appletvsimulator watchos watchsimulator";
				SWIFT_OPTIMIZATION_LEVEL = "-Onone";
				VALID_ARCHS = "i386 x86_64 arm64 armv7 armv7s";
			};
			name = Debug;
		};
		031CA37020DBDCAE00F4B44B /* Release */ = {
			isa = XCBuildConfiguration;
			buildSettings = {
				CLANG_ENABLE_MODULES = YES;
				CODE_SIGN_IDENTITY = "";
				CODE_SIGN_STYLE = Manual;
				DEFINES_MODULE = YES;
				DEVELOPMENT_TEAM = "";
				DYLIB_COMPATIBILITY_VERSION = 1;
				DYLIB_CURRENT_VERSION = 1;
				DYLIB_INSTALL_NAME_BASE = "@rpath";
				FRAMEWORK_VERSION = A;
				INFOPLIST_FILE = CAtomics/Info.plist;
				INSTALL_PATH = "$(LOCAL_LIBRARY_DIR)/Frameworks";
				LD_RUNPATH_SEARCH_PATHS = (
					"$(inherited)",
					"@executable_path/../Frameworks",
					"@loader_path/Frameworks",
				);
				PRODUCT_BUNDLE_IDENTIFIER = com.tffenterprises.CAtomics;
				PRODUCT_NAME = "$(TARGET_NAME:c99extidentifier)";
				PROVISIONING_PROFILE_SPECIFIER = "";
				SKIP_INSTALL = YES;
				SUPPORTED_PLATFORMS = "macosx iphoneos iphonesimulator appletvos appletvsimulator watchos watchsimulator";
				VALID_ARCHS = "i386 x86_64 arm64 armv7 armv7s";
			};
			name = Release;
		};
		031CA37220DBDCAE00F4B44B /* Debug */ = {
			isa = XCBuildConfiguration;
			buildSettings = {
				CLANG_ENABLE_MODULES = YES;
				CODE_SIGN_STYLE = Manual;
				DEVELOPMENT_TEAM = "";
				INFOPLIST_FILE = CAtomicsTests/Info.plist;
				LD_RUNPATH_SEARCH_PATHS = (
					"$(inherited)",
					"@executable_path/../Frameworks",
					"@loader_path/../Frameworks",
				);
				PRODUCT_BUNDLE_IDENTIFIER = com.tffenterprises.CAtomicsTests;
				PRODUCT_NAME = "$(TARGET_NAME)";
				PROVISIONING_PROFILE_SPECIFIER = "";
				SUPPORTED_PLATFORMS = "macosx iphoneos iphonesimulator appletvos appletvsimulator watchos watchsimulator";
				SWIFT_OPTIMIZATION_LEVEL = "-Onone";
				VALID_ARCHS = "i386 x86_64 arm64 armv7 armv7s";
			};
			name = Debug;
		};
		031CA37320DBDCAE00F4B44B /* Release */ = {
			isa = XCBuildConfiguration;
			buildSettings = {
				CLANG_ENABLE_MODULES = YES;
				CODE_SIGN_STYLE = Manual;
				DEVELOPMENT_TEAM = "";
				INFOPLIST_FILE = CAtomicsTests/Info.plist;
				LD_RUNPATH_SEARCH_PATHS = (
					"$(inherited)",
					"@executable_path/../Frameworks",
					"@loader_path/../Frameworks",
				);
				PRODUCT_BUNDLE_IDENTIFIER = com.tffenterprises.CAtomicsTests;
				PRODUCT_NAME = "$(TARGET_NAME)";
				PROVISIONING_PROFILE_SPECIFIER = "";
				SUPPORTED_PLATFORMS = "macosx iphoneos iphonesimulator appletvos appletvsimulator watchos watchsimulator";
				VALID_ARCHS = "i386 x86_64 arm64 armv7 armv7s";
			};
			name = Release;
		};
		0382B64020DC4A2D00F4B44B /* Debug */ = {
			isa = XCBuildConfiguration;
			buildSettings = {
				ALWAYS_EMBED_SWIFT_STANDARD_LIBRARIES = YES;
				ASSETCATALOG_COMPILER_APPICON_NAME = AppIcon;
				CODE_SIGN_IDENTITY = "iPhone Developer";
				CODE_SIGN_STYLE = Automatic;
				DEVELOPMENT_TEAM = 96558JVW34;
				INFOPLIST_FILE = AtomicsTestApp/Info.plist;
				LD_RUNPATH_SEARCH_PATHS = (
					"$(inherited)",
					"@executable_path/Frameworks",
				);
				MTL_ENABLE_DEBUG_INFO = INCLUDE_SOURCE;
				PRODUCT_BUNDLE_IDENTIFIER = com.tffenterprises.AtomicsTestApp.0x3a1;
				PRODUCT_NAME = "$(TARGET_NAME)";
				SDKROOT = iphoneos;
				TARGETED_DEVICE_FAMILY = "1,2";
			};
			name = Debug;
		};
		0382B64120DC4A2D00F4B44B /* Release */ = {
			isa = XCBuildConfiguration;
			buildSettings = {
				ALWAYS_EMBED_SWIFT_STANDARD_LIBRARIES = YES;
				ASSETCATALOG_COMPILER_APPICON_NAME = AppIcon;
				CODE_SIGN_IDENTITY = "iPhone Developer";
				CODE_SIGN_STYLE = Automatic;
				DEVELOPMENT_TEAM = 96558JVW34;
				INFOPLIST_FILE = AtomicsTestApp/Info.plist;
				LD_RUNPATH_SEARCH_PATHS = (
					"$(inherited)",
					"@executable_path/Frameworks",
				);
				MTL_ENABLE_DEBUG_INFO = NO;
				PRODUCT_BUNDLE_IDENTIFIER = com.tffenterprises.AtomicsTestApp.0x3a1;
				PRODUCT_NAME = "$(TARGET_NAME)";
				SDKROOT = iphoneos;
				TARGETED_DEVICE_FAMILY = "1,2";
				VALIDATE_PRODUCT = YES;
			};
			name = Release;
		};
		0382B64220DC4A2D00F4B44B /* Debug */ = {
			isa = XCBuildConfiguration;
			buildSettings = {
				ALWAYS_EMBED_SWIFT_STANDARD_LIBRARIES = YES;
				BUNDLE_LOADER = "$(TEST_HOST)";
				CODE_SIGN_IDENTITY = "iPhone Developer";
				CODE_SIGN_STYLE = Automatic;
				DEVELOPMENT_TEAM = 96558JVW34;
				INFOPLIST_FILE = AtomicsTestAppTests/Info.plist;
				LD_RUNPATH_SEARCH_PATHS = (
					"$(inherited)",
					"@executable_path/Frameworks",
					"@loader_path/Frameworks",
				);
				MTL_ENABLE_DEBUG_INFO = INCLUDE_SOURCE;
				PRODUCT_BUNDLE_IDENTIFIER = com.tffenterprises.AtomicsTestAppTests;
				PRODUCT_NAME = "$(TARGET_NAME)";
				SDKROOT = iphoneos;
				TARGETED_DEVICE_FAMILY = "1,2";
				TEST_HOST = "$(BUILT_PRODUCTS_DIR)/AtomicsTestApp.app/AtomicsTestApp";
			};
			name = Debug;
		};
		0382B64320DC4A2D00F4B44B /* Release */ = {
			isa = XCBuildConfiguration;
			buildSettings = {
				ALWAYS_EMBED_SWIFT_STANDARD_LIBRARIES = YES;
				BUNDLE_LOADER = "$(TEST_HOST)";
				CODE_SIGN_IDENTITY = "iPhone Developer";
				CODE_SIGN_STYLE = Automatic;
				DEVELOPMENT_TEAM = 96558JVW34;
				INFOPLIST_FILE = AtomicsTestAppTests/Info.plist;
				LD_RUNPATH_SEARCH_PATHS = (
					"$(inherited)",
					"@executable_path/Frameworks",
					"@loader_path/Frameworks",
				);
				MTL_ENABLE_DEBUG_INFO = NO;
				PRODUCT_BUNDLE_IDENTIFIER = com.tffenterprises.AtomicsTestAppTests;
				PRODUCT_NAME = "$(TARGET_NAME)";
				SDKROOT = iphoneos;
				TARGETED_DEVICE_FAMILY = "1,2";
				TEST_HOST = "$(BUILT_PRODUCTS_DIR)/AtomicsTestApp.app/AtomicsTestApp";
				VALIDATE_PRODUCT = YES;
			};
			name = Release;
		};
/* End XCBuildConfiguration section */

/* Begin XCConfigurationList section */
		031CA33820DBDC0400F4B44B /* Build configuration list for PBXProject "Atomics" */ = {
			isa = XCConfigurationList;
			buildConfigurations = (
				031CA35020DBDC0400F4B44B /* Debug */,
				031CA35120DBDC0400F4B44B /* Release */,
			);
			defaultConfigurationIsVisible = 0;
			defaultConfigurationName = Release;
		};
		031CA35220DBDC0400F4B44B /* Build configuration list for PBXNativeTarget "SwiftAtomics" */ = {
			isa = XCConfigurationList;
			buildConfigurations = (
				031CA35320DBDC0400F4B44B /* Debug */,
				031CA35420DBDC0400F4B44B /* Release */,
			);
			defaultConfigurationIsVisible = 0;
			defaultConfigurationName = Release;
		};
		031CA35520DBDC0400F4B44B /* Build configuration list for PBXNativeTarget "SwiftAtomicsTests" */ = {
			isa = XCConfigurationList;
			buildConfigurations = (
				031CA35620DBDC0400F4B44B /* Debug */,
				031CA35720DBDC0400F4B44B /* Release */,
			);
			defaultConfigurationIsVisible = 0;
			defaultConfigurationName = Release;
		};
		031CA36E20DBDCAE00F4B44B /* Build configuration list for PBXNativeTarget "CAtomics" */ = {
			isa = XCConfigurationList;
			buildConfigurations = (
				031CA36F20DBDCAE00F4B44B /* Debug */,
				031CA37020DBDCAE00F4B44B /* Release */,
			);
			defaultConfigurationIsVisible = 0;
			defaultConfigurationName = Release;
		};
		031CA37120DBDCAE00F4B44B /* Build configuration list for PBXNativeTarget "CAtomicsTests" */ = {
			isa = XCConfigurationList;
			buildConfigurations = (
				031CA37220DBDCAE00F4B44B /* Debug */,
				031CA37320DBDCAE00F4B44B /* Release */,
			);
			defaultConfigurationIsVisible = 0;
			defaultConfigurationName = Release;
		};
		0382B64420DC4A2D00F4B44B /* Build configuration list for PBXNativeTarget "AtomicsTestApp" */ = {
			isa = XCConfigurationList;
			buildConfigurations = (
				0382B64020DC4A2D00F4B44B /* Debug */,
				0382B64120DC4A2D00F4B44B /* Release */,
			);
			defaultConfigurationIsVisible = 0;
			defaultConfigurationName = Release;
		};
		0382B64520DC4A2D00F4B44B /* Build configuration list for PBXNativeTarget "AtomicsTestAppTests" */ = {
			isa = XCConfigurationList;
			buildConfigurations = (
				0382B64220DC4A2D00F4B44B /* Debug */,
				0382B64320DC4A2D00F4B44B /* Release */,
			);
			defaultConfigurationIsVisible = 0;
			defaultConfigurationName = Release;
		};
/* End XCConfigurationList section */
	};
	rootObject = 031CA33520DBDC0400F4B44B /* Project object */;
}
